<Solution>
  <Folder Name="/Modulo_07/">
    <Project Path="Modulo_07/Aula 10 Poo/Aula_10_Poo.csproj" />
    <Project Path="Modulo_07/Aula_11_Poo/Aula_11_Poo.csproj" Id="41c264be-95db-4424-aa36-a3c509d37105" />
    <Project Path="Modulo_07/Aula_12_Poo/Aula_12_Poo.csproj" Id="20a5f0dd-5236-4485-86aa-b0dae721c8f2" />
    <Project Path="Modulo_07/Aula_13/Aula_13.csproj" Id="96cb9694-6752-4dbf-9fe2-b2ef20ec8f21" />
    <Project Path="Modulo_07/Aula_14_Polimorfismo/Aula_14_Polimorfismo.csproj" Id="eab464b1-fd53-4728-99ce-6582fd08f571" />
  </Folder>
  <Folder Name="/Modulo_08/">
    <Project Path="Modulo_08/Aula_15/Aula_15.csproj" Id="9e2b23ac-d1c8-4ae5-9ee6-561fd52911e3" />
    <Project Path="Modulo_08/Aula_16/Aula_16.csproj" Id="799482ee-125e-45a3-8307-f614eb1c0f12">
      <Build Solution="Debug|*" Project="false" />
    </Project>
    <Project Path="Modulo_08/Aula_17/Aula_17.csproj" Id="7c397e03-0c38-4e2c-93e3-7e5f5fddadf5" />
    <Project Path="Modulo_08/Aula_18/Aula_18.csproj" Id="274800e1-d711-48e4-a167-26951346e206" />
    <Project Path="Modulo_08/Aula_19/Aula_19.csproj" Id="e8a13bc9-1f64-46f8-a669-576cf6a8bf52" />
  </Folder>
  <Folder Name="/Modulo_09/">
    <Project Path="Modulo_09/MVC/MVC.csproj" Id="7af86fa1-55fb-45a6-8275-5108f4008846" />
  </Folder>
  <Folder Name="/Modulo_10/">
    <File Path="teste-cors.html" />
    <Project Path="Modulo_10/RestFul/RestFul.csproj" Id="1792c00a-f8ed-44ff-92aa-eddc149132ca" />
  </Folder>
  <Project Path="Utils/Utilities.csproj" Id="b87c6318-52d9-4b9b-8cd1-cb4f3dcdb58a" />
</Solution>
